
Microsoft Visual Studio Solution File, Format Version 12.00
# Visual Studio Version 16
VisualStudioVersion = 16.0.28729.10
MinimumVisualStudioVersion = 10.0.40219.1
Project("{FAE04EC0-301F-11D3-BF4B-00C04F79EFBC}") = "CMS", "CMS\CMS.csproj", "{E207B2F0-98A9-4654-B0E3-549475728742}"
EndProject
Project("{9A19103F-16F7-4668-BE54-9A1E7A4F7556}") = "CmsApi", "Api\CmsApi.csproj", "{93BBE368-E908-4B55-BE1A-BE20DE9D6E93}"
EndProject
Project("{FAE04EC0-301F-11D3-BF4B-00C04F79EFBC}") = "CmsApiService", "CmsService\CmsApiService.csproj", "{ECADDF99-3418-4C65-8B44-BB6B91A32D0F}"
EndProject
Project("{2150E333-8FDC-42A3-9474-1A3956D46DE8}") = "UI", "UI", "{919CDEE7-B0B1-42C4-84FE-D01F6EEC92DD}"
EndProject
Global
	GlobalSection(SolutionConfigurationPlatforms) = preSolution
		Debug|Any CPU = Debug|Any CPU
		Release|Any CPU = Release|Any CPU
	EndGlobalSection
	GlobalSection(ProjectConfigurationPlatforms) = postSolution
		{E207B2F0-98A9-4654-B0E3-549475728742}.Debug|Any CPU.ActiveCfg = Debug|Any CPU
		{E207B2F0-98A9-4654-B0E3-549475728742}.Debug|Any CPU.Build.0 = Debug|Any CPU
		{E207B2F0-98A9-4654-B0E3-549475728742}.Release|Any CPU.ActiveCfg = Release|Any CPU
		{E207B2F0-98A9-4654-B0E3-549475728742}.Release|Any CPU.Build.0 = Release|Any CPU
		{93BBE368-E908-4B55-BE1A-BE20DE9D6E93}.Debug|Any CPU.ActiveCfg = Debug|Any CPU
		{93BBE368-E908-4B55-BE1A-BE20DE9D6E93}.Debug|Any CPU.Build.0 = Debug|Any CPU
		{93BBE368-E908-4B55-BE1A-BE20DE9D6E93}.Release|Any CPU.ActiveCfg = Release|Any CPU
		{93BBE368-E908-4B55-BE1A-BE20DE9D6E93}.Release|Any CPU.Build.0 = Release|Any CPU
		{ECADDF99-3418-4C65-8B44-BB6B91A32D0F}.Debug|Any CPU.ActiveCfg = Debug|Any CPU
		{ECADDF99-3418-4C65-8B44-BB6B91A32D0F}.Debug|Any CPU.Build.0 = Debug|Any CPU
		{ECADDF99-3418-4C65-8B44-BB6B91A32D0F}.Release|Any CPU.ActiveCfg = Release|Any CPU
		{ECADDF99-3418-4C65-8B44-BB6B91A32D0F}.Release|Any CPU.Build.0 = Release|Any CPU
	EndGlobalSection
	GlobalSection(SolutionProperties) = preSolution
		HideSolutionNode = FALSE
	EndGlobalSection
	GlobalSection(ExtensibilityGlobals) = postSolution
		SolutionGuid = {A149EA3F-31F6-4B74-9BB7-F06C0DDA7297}
	EndGlobalSection
EndGlobal
